// !$*UTF8*$!
{
	archiveVersion = 1;
	classes = {
	};
	objectVersion = 56;
	objects = {

/* Begin PBXBuildFile section */
		652B10102A167F5C005192F6 /* Categories.swift in Sources */ = {isa = PBXBuildFile; fileRef = 652B100F2A167F5C005192F6 /* Categories.swift */; };
		652B10182A18BBC6005192F6 /* leftLabelRightIconTableViewCell.swift in Sources */ = {isa = PBXBuildFile; fileRef = 652B10162A18BBC6005192F6 /* leftLabelRightIconTableViewCell.swift */; };
		652B10192A18BBC6005192F6 /* leftLabelRightIconTableViewCell.xib in Resources */ = {isa = PBXBuildFile; fileRef = 652B10172A18BBC6005192F6 /* leftLabelRightIconTableViewCell.xib */; };
		652B101B2A18BF11005192F6 /* TagsViewModel.swift in Sources */ = {isa = PBXBuildFile; fileRef = 652B101A2A18BF11005192F6 /* TagsViewModel.swift */; };
		652B101D2A18C2C8005192F6 /* Tags.swift in Sources */ = {isa = PBXBuildFile; fileRef = 652B101C2A18C2C8005192F6 /* Tags.swift */; };
		652B10202A18C4B2005192F6 /* TagsNetworkManager.swift in Sources */ = {isa = PBXBuildFile; fileRef = 652B101F2A18C4B2005192F6 /* TagsNetworkManager.swift */; };
		652B10222A18C4BD005192F6 /* TagsHelperNetworkManager.swift in Sources */ = {isa = PBXBuildFile; fileRef = 652B10212A18C4BD005192F6 /* TagsHelperNetworkManager.swift */; };
		6576D62F2A2CDD020074A040 /* RegisterViewController.swift in Sources */ = {isa = PBXBuildFile; fileRef = 6576D62E2A2CDD020074A040 /* RegisterViewController.swift */; };
		6577FDFA2A2F95FF0071E537 /* FiltersCollectionViewCell.swift in Sources */ = {isa = PBXBuildFile; fileRef = 6577FDF82A2F95FF0071E537 /* FiltersCollectionViewCell.swift */; };
		6577FDFB2A2F95FF0071E537 /* FiltersCollectionViewCell.xib in Resources */ = {isa = PBXBuildFile; fileRef = 6577FDF92A2F95FF0071E537 /* FiltersCollectionViewCell.xib */; };
		6577FDFE2A3041FC0071E537 /* SearchViewController.swift in Sources */ = {isa = PBXBuildFile; fileRef = 6577FDFD2A3041FC0071E537 /* SearchViewController.swift */; };
		6577FE002A3043070071E537 /* SearchViewModel.swift in Sources */ = {isa = PBXBuildFile; fileRef = 6577FDFF2A3043070071E537 /* SearchViewModel.swift */; };
		6577FE052A30443C0071E537 /* SearchManager.swift in Sources */ = {isa = PBXBuildFile; fileRef = 6577FE042A30443C0071E537 /* SearchManager.swift */; };
		6577FE072A3044600071E537 /* SearchHelperManager.swift in Sources */ = {isa = PBXBuildFile; fileRef = 6577FE062A3044600071E537 /* SearchHelperManager.swift */; };
		6577FE0A2A3093480071E537 /* SearchModel.swift in Sources */ = {isa = PBXBuildFile; fileRef = 6577FE092A3093480071E537 /* SearchModel.swift */; };
		6586964C2A1D12580062779F /* ProductsNetworkManager.swift in Sources */ = {isa = PBXBuildFile; fileRef = 6586964B2A1D12580062779F /* ProductsNetworkManager.swift */; };
		658696502A1D12D10062779F /* ProductsHelperManager.swift in Sources */ = {isa = PBXBuildFile; fileRef = 6586964F2A1D12D10062779F /* ProductsHelperManager.swift */; };
		658696542A1D13360062779F /* ProductsViewModel.swift in Sources */ = {isa = PBXBuildFile; fileRef = 658696532A1D13360062779F /* ProductsViewModel.swift */; };
		658696572A1D1A1A0062779F /* LoginViewController.swift in Sources */ = {isa = PBXBuildFile; fileRef = 658696562A1D1A1A0062779F /* LoginViewController.swift */; };
		6586965A2A1D1EDF0062779F /* ProductsViewController.swift in Sources */ = {isa = PBXBuildFile; fileRef = 658696582A1D1EDF0062779F /* ProductsViewController.swift */; };
		6586965E2A1D20010062779F /* ProductsViewCell.swift in Sources */ = {isa = PBXBuildFile; fileRef = 6586965C2A1D20010062779F /* ProductsViewCell.swift */; };
		6586965F2A1D20010062779F /* ProductsViewCell.xib in Resources */ = {isa = PBXBuildFile; fileRef = 6586965D2A1D20010062779F /* ProductsViewCell.xib */; };
		6589C43D2A128D6F007489FB /* Product.swift in Sources */ = {isa = PBXBuildFile; fileRef = 6589C43C2A128D6F007489FB /* Product.swift */; };
		6589C43F2A128DEC007489FB /* HomeViewModel.swift in Sources */ = {isa = PBXBuildFile; fileRef = 6589C43E2A128DEC007489FB /* HomeViewModel.swift */; };
		6589C4422A1290FE007489FB /* NetworkManager.swift in Sources */ = {isa = PBXBuildFile; fileRef = 6589C4412A1290FE007489FB /* NetworkManager.swift */; };
		6589C4442A12914C007489FB /* HelperNetworkManager.swift in Sources */ = {isa = PBXBuildFile; fileRef = 6589C4432A12914C007489FB /* HelperNetworkManager.swift */; };
		6589C4472A1291DE007489FB /* UIImageView + Extension.swift in Sources */ = {isa = PBXBuildFile; fileRef = 6589C4462A1291DE007489FB /* UIImageView + Extension.swift */; };
		65A705C12A12944D003EDF02 /* HomeNetworkManager.swift in Sources */ = {isa = PBXBuildFile; fileRef = 65A705C02A12944D003EDF02 /* HomeNetworkManager.swift */; };
		65A705C32A12948C003EDF02 /* HomeHelperNetworkManager.swift in Sources */ = {isa = PBXBuildFile; fileRef = 65A705C22A12948C003EDF02 /* HomeHelperNetworkManager.swift */; };
		65C2F5242A12365C001E9809 /* AppDelegate.swift in Sources */ = {isa = PBXBuildFile; fileRef = 65C2F5232A12365C001E9809 /* AppDelegate.swift */; };
		65C2F5262A12365C001E9809 /* SceneDelegate.swift in Sources */ = {isa = PBXBuildFile; fileRef = 65C2F5252A12365C001E9809 /* SceneDelegate.swift */; };
		65C2F52B2A12365C001E9809 /* Main.storyboard in Resources */ = {isa = PBXBuildFile; fileRef = 65C2F5292A12365C001E9809 /* Main.storyboard */; };
		65C2F52E2A12365C001E9809 /* Shop.xcdatamodeld in Sources */ = {isa = PBXBuildFile; fileRef = 65C2F52C2A12365C001E9809 /* Shop.xcdatamodeld */; };
		65C2F5302A12365D001E9809 /* Assets.xcassets in Resources */ = {isa = PBXBuildFile; fileRef = 65C2F52F2A12365D001E9809 /* Assets.xcassets */; };
		65C2F5332A12365D001E9809 /* LaunchScreen.storyboard in Resources */ = {isa = PBXBuildFile; fileRef = 65C2F5312A12365D001E9809 /* LaunchScreen.storyboard */; };
		65CCEA3D2A22898D00812A73 /* UIKitProductsViewController.swift in Sources */ = {isa = PBXBuildFile; fileRef = 65CCEA3C2A22898D00812A73 /* UIKitProductsViewController.swift */; };
		65CCEA402A228CD200812A73 /* UIKitProductCollectionViewCell.swift in Sources */ = {isa = PBXBuildFile; fileRef = 65CCEA3E2A228CD200812A73 /* UIKitProductCollectionViewCell.swift */; };
		65CCEA412A228CD200812A73 /* UIKitProductCollectionViewCell.xib in Resources */ = {isa = PBXBuildFile; fileRef = 65CCEA3F2A228CD200812A73 /* UIKitProductCollectionViewCell.xib */; };
		65CCEA432A22924F00812A73 /* UIKitHeaderCollectionReusableView.swift in Sources */ = {isa = PBXBuildFile; fileRef = 65CCEA422A22924F00812A73 /* UIKitHeaderCollectionReusableView.swift */; };
		65CF022A2A2B1A36007D1E12 /* TagsViewController.swift in Sources */ = {isa = PBXBuildFile; fileRef = 652B10112A18B7AA005192F6 /* TagsViewController.swift */; };
		65D20A982A1286A8008FA6F3 /* HomeViewController.swift in Sources */ = {isa = PBXBuildFile; fileRef = 65D20A972A1286A8008FA6F3 /* HomeViewController.swift */; };
		65D20A9B2A1286D4008FA6F3 /* HomeCell.swift in Sources */ = {isa = PBXBuildFile; fileRef = 65D20A992A1286D4008FA6F3 /* HomeCell.swift */; };
		65D20A9C2A1286D4008FA6F3 /* HomeCell.xib in Resources */ = {isa = PBXBuildFile; fileRef = 65D20A9A2A1286D4008FA6F3 /* HomeCell.xib */; };
		65E9EECD2A334E3F00B1585B /* ProductSearchViewController.swift in Sources */ = {isa = PBXBuildFile; fileRef = 65E9EECC2A334E3F00B1585B /* ProductSearchViewController.swift */; };
		C04B55873939490AF097831A /* Pods_Shop.framework in Frameworks */ = {isa = PBXBuildFile; fileRef = A760299AC787CACB1F160587 /* Pods_Shop.framework */; };
/* End PBXBuildFile section */

/* Begin PBXFileReference section */
		652B100F2A167F5C005192F6 /* Categories.swift */ = {isa = PBXFileReference; lastKnownFileType = sourcecode.swift; path = Categories.swift; sourceTree = "<group>"; };
		652B10112A18B7AA005192F6 /* TagsViewController.swift */ = {isa = PBXFileReference; lastKnownFileType = sourcecode.swift; path = TagsViewController.swift; sourceTree = "<group>"; };
		652B10162A18BBC6005192F6 /* leftLabelRightIconTableViewCell.swift */ = {isa = PBXFileReference; lastKnownFileType = sourcecode.swift; name = leftLabelRightIconTableViewCell.swift; path = ../leftLabelRightIconTableViewCell.swift; sourceTree = "<group>"; };
		652B10172A18BBC6005192F6 /* leftLabelRightIconTableViewCell.xib */ = {isa = PBXFileReference; lastKnownFileType = file.xib; path = leftLabelRightIconTableViewCell.xib; sourceTree = "<group>"; };
		652B101A2A18BF11005192F6 /* TagsViewModel.swift */ = {isa = PBXFileReference; lastKnownFileType = sourcecode.swift; path = TagsViewModel.swift; sourceTree = "<group>"; };
		652B101C2A18C2C8005192F6 /* Tags.swift */ = {isa = PBXFileReference; lastKnownFileType = sourcecode.swift; path = Tags.swift; sourceTree = "<group>"; };
		652B101F2A18C4B2005192F6 /* TagsNetworkManager.swift */ = {isa = PBXFileReference; lastKnownFileType = sourcecode.swift; path = TagsNetworkManager.swift; sourceTree = "<group>"; };
		652B10212A18C4BD005192F6 /* TagsHelperNetworkManager.swift */ = {isa = PBXFileReference; lastKnownFileType = sourcecode.swift; path = TagsHelperNetworkManager.swift; sourceTree = "<group>"; };
		6576D62E2A2CDD020074A040 /* RegisterViewController.swift */ = {isa = PBXFileReference; lastKnownFileType = sourcecode.swift; path = RegisterViewController.swift; sourceTree = "<group>"; };
		6577FDF82A2F95FF0071E537 /* FiltersCollectionViewCell.swift */ = {isa = PBXFileReference; lastKnownFileType = sourcecode.swift; path = FiltersCollectionViewCell.swift; sourceTree = "<group>"; };
		6577FDF92A2F95FF0071E537 /* FiltersCollectionViewCell.xib */ = {isa = PBXFileReference; lastKnownFileType = file.xib; path = FiltersCollectionViewCell.xib; sourceTree = "<group>"; };
		6577FDFD2A3041FC0071E537 /* SearchViewController.swift */ = {isa = PBXFileReference; lastKnownFileType = sourcecode.swift; path = SearchViewController.swift; sourceTree = "<group>"; };
		6577FDFF2A3043070071E537 /* SearchViewModel.swift */ = {isa = PBXFileReference; lastKnownFileType = sourcecode.swift; path = SearchViewModel.swift; sourceTree = "<group>"; };
		6577FE042A30443C0071E537 /* SearchManager.swift */ = {isa = PBXFileReference; lastKnownFileType = sourcecode.swift; path = SearchManager.swift; sourceTree = "<group>"; };
		6577FE062A3044600071E537 /* SearchHelperManager.swift */ = {isa = PBXFileReference; lastKnownFileType = sourcecode.swift; path = SearchHelperManager.swift; sourceTree = "<group>"; };
		6577FE092A3093480071E537 /* SearchModel.swift */ = {isa = PBXFileReference; lastKnownFileType = sourcecode.swift; path = SearchModel.swift; sourceTree = "<group>"; };
		6586964B2A1D12580062779F /* ProductsNetworkManager.swift */ = {isa = PBXFileReference; lastKnownFileType = sourcecode.swift; path = ProductsNetworkManager.swift; sourceTree = "<group>"; };
		6586964F2A1D12D10062779F /* ProductsHelperManager.swift */ = {isa = PBXFileReference; lastKnownFileType = sourcecode.swift; path = ProductsHelperManager.swift; sourceTree = "<group>"; };
		658696532A1D13360062779F /* ProductsViewModel.swift */ = {isa = PBXFileReference; lastKnownFileType = sourcecode.swift; path = ProductsViewModel.swift; sourceTree = "<group>"; };
		658696562A1D1A1A0062779F /* LoginViewController.swift */ = {isa = PBXFileReference; lastKnownFileType = sourcecode.swift; path = LoginViewController.swift; sourceTree = "<group>"; };
		658696582A1D1EDF0062779F /* ProductsViewController.swift */ = {isa = PBXFileReference; lastKnownFileType = sourcecode.swift; path = ProductsViewController.swift; sourceTree = "<group>"; };
		6586965C2A1D20010062779F /* ProductsViewCell.swift */ = {isa = PBXFileReference; lastKnownFileType = sourcecode.swift; path = ProductsViewCell.swift; sourceTree = "<group>"; };
		6586965D2A1D20010062779F /* ProductsViewCell.xib */ = {isa = PBXFileReference; lastKnownFileType = file.xib; path = ProductsViewCell.xib; sourceTree = "<group>"; };
		6589C43C2A128D6F007489FB /* Product.swift */ = {isa = PBXFileReference; lastKnownFileType = sourcecode.swift; path = Product.swift; sourceTree = "<group>"; };
		6589C43E2A128DEC007489FB /* HomeViewModel.swift */ = {isa = PBXFileReference; lastKnownFileType = sourcecode.swift; path = HomeViewModel.swift; sourceTree = "<group>"; };
		6589C4412A1290FE007489FB /* NetworkManager.swift */ = {isa = PBXFileReference; lastKnownFileType = sourcecode.swift; path = NetworkManager.swift; sourceTree = "<group>"; };
		6589C4432A12914C007489FB /* HelperNetworkManager.swift */ = {isa = PBXFileReference; lastKnownFileType = sourcecode.swift; path = HelperNetworkManager.swift; sourceTree = "<group>"; };
		6589C4462A1291DE007489FB /* UIImageView + Extension.swift */ = {isa = PBXFileReference; lastKnownFileType = sourcecode.swift; path = "UIImageView + Extension.swift"; sourceTree = "<group>"; };
		65A705C02A12944D003EDF02 /* HomeNetworkManager.swift */ = {isa = PBXFileReference; lastKnownFileType = sourcecode.swift; path = HomeNetworkManager.swift; sourceTree = "<group>"; };
		65A705C22A12948C003EDF02 /* HomeHelperNetworkManager.swift */ = {isa = PBXFileReference; lastKnownFileType = sourcecode.swift; path = HomeHelperNetworkManager.swift; sourceTree = "<group>"; };
		65C2F5202A12365C001E9809 /* Shop.app */ = {isa = PBXFileReference; explicitFileType = wrapper.application; includeInIndex = 0; path = Shop.app; sourceTree = BUILT_PRODUCTS_DIR; };
		65C2F5232A12365C001E9809 /* AppDelegate.swift */ = {isa = PBXFileReference; lastKnownFileType = sourcecode.swift; path = AppDelegate.swift; sourceTree = "<group>"; };
		65C2F5252A12365C001E9809 /* SceneDelegate.swift */ = {isa = PBXFileReference; lastKnownFileType = sourcecode.swift; path = SceneDelegate.swift; sourceTree = "<group>"; };
		65C2F52A2A12365C001E9809 /* Base */ = {isa = PBXFileReference; lastKnownFileType = file.storyboard; name = Base; path = Base.lproj/Main.storyboard; sourceTree = "<group>"; };
		65C2F52D2A12365C001E9809 /* Shop.xcdatamodel */ = {isa = PBXFileReference; lastKnownFileType = wrapper.xcdatamodel; path = Shop.xcdatamodel; sourceTree = "<group>"; };
		65C2F52F2A12365D001E9809 /* Assets.xcassets */ = {isa = PBXFileReference; lastKnownFileType = folder.assetcatalog; path = Assets.xcassets; sourceTree = "<group>"; };
		65C2F5322A12365D001E9809 /* Base */ = {isa = PBXFileReference; lastKnownFileType = file.storyboard; name = Base; path = Base.lproj/LaunchScreen.storyboard; sourceTree = "<group>"; };
		65C2F5342A12365D001E9809 /* Info.plist */ = {isa = PBXFileReference; lastKnownFileType = text.plist.xml; path = Info.plist; sourceTree = "<group>"; };
		65CCEA3C2A22898D00812A73 /* UIKitProductsViewController.swift */ = {isa = PBXFileReference; lastKnownFileType = sourcecode.swift; path = UIKitProductsViewController.swift; sourceTree = "<group>"; };
		65CCEA3E2A228CD200812A73 /* UIKitProductCollectionViewCell.swift */ = {isa = PBXFileReference; lastKnownFileType = sourcecode.swift; path = UIKitProductCollectionViewCell.swift; sourceTree = "<group>"; };
		65CCEA3F2A228CD200812A73 /* UIKitProductCollectionViewCell.xib */ = {isa = PBXFileReference; lastKnownFileType = file.xib; path = UIKitProductCollectionViewCell.xib; sourceTree = "<group>"; };
		65CCEA422A22924F00812A73 /* UIKitHeaderCollectionReusableView.swift */ = {isa = PBXFileReference; lastKnownFileType = sourcecode.swift; path = UIKitHeaderCollectionReusableView.swift; sourceTree = "<group>"; };
		65D20A972A1286A8008FA6F3 /* HomeViewController.swift */ = {isa = PBXFileReference; lastKnownFileType = sourcecode.swift; path = HomeViewController.swift; sourceTree = "<group>"; };
		65D20A992A1286D4008FA6F3 /* HomeCell.swift */ = {isa = PBXFileReference; lastKnownFileType = sourcecode.swift; path = HomeCell.swift; sourceTree = "<group>"; };
		65D20A9A2A1286D4008FA6F3 /* HomeCell.xib */ = {isa = PBXFileReference; lastKnownFileType = file.xib; path = HomeCell.xib; sourceTree = "<group>"; };
		65E9EECC2A334E3F00B1585B /* ProductSearchViewController.swift */ = {isa = PBXFileReference; lastKnownFileType = sourcecode.swift; path = ProductSearchViewController.swift; sourceTree = "<group>"; };
		A3293B7AD9BE659E51DBA694 /* Pods-Shop.debug.xcconfig */ = {isa = PBXFileReference; includeInIndex = 1; lastKnownFileType = text.xcconfig; name = "Pods-Shop.debug.xcconfig"; path = "Target Support Files/Pods-Shop/Pods-Shop.debug.xcconfig"; sourceTree = "<group>"; };
		A760299AC787CACB1F160587 /* Pods_Shop.framework */ = {isa = PBXFileReference; explicitFileType = wrapper.framework; includeInIndex = 0; path = Pods_Shop.framework; sourceTree = BUILT_PRODUCTS_DIR; };
		E0F12933A7FEFF6BF9BA08D9 /* Pods-Shop.release.xcconfig */ = {isa = PBXFileReference; includeInIndex = 1; lastKnownFileType = text.xcconfig; name = "Pods-Shop.release.xcconfig"; path = "Target Support Files/Pods-Shop/Pods-Shop.release.xcconfig"; sourceTree = "<group>"; };
/* End PBXFileReference section */

/* Begin PBXFrameworksBuildPhase section */
		65C2F51D2A12365B001E9809 /* Frameworks */ = {
			isa = PBXFrameworksBuildPhase;
			buildActionMask = 2147483647;
			files = (
				C04B55873939490AF097831A /* Pods_Shop.framework in Frameworks */,
			);
			runOnlyForDeploymentPostprocessing = 0;
		};
/* End PBXFrameworksBuildPhase section */

/* Begin PBXGroup section */
		652B10132A18B909005192F6 /* Tags */ = {
			isa = PBXGroup;
			children = (
				652B101A2A18BF11005192F6 /* TagsViewModel.swift */,
				652B10112A18B7AA005192F6 /* TagsViewController.swift */,
				652B10162A18BBC6005192F6 /* leftLabelRightIconTableViewCell.swift */,
				652B10172A18BBC6005192F6 /* leftLabelRightIconTableViewCell.xib */,
				652B101C2A18C2C8005192F6 /* Tags.swift */,
			);
			path = Tags;
			sourceTree = "<group>";
		};
		652B101E2A18C3BA005192F6 /* TagsManager */ = {
			isa = PBXGroup;
			children = (
				652B101F2A18C4B2005192F6 /* TagsNetworkManager.swift */,
				652B10212A18C4BD005192F6 /* TagsHelperNetworkManager.swift */,
			);
			path = TagsManager;
			sourceTree = "<group>";
		};
		6577FDFC2A3041360071E537 /* Search */ = {
			isa = PBXGroup;
			children = (
				65E9EECC2A334E3F00B1585B /* ProductSearchViewController.swift */,
				6577FDFD2A3041FC0071E537 /* SearchViewController.swift */,
				6577FDFF2A3043070071E537 /* SearchViewModel.swift */,
				6577FE092A3093480071E537 /* SearchModel.swift */,
			);
			path = Search;
			sourceTree = "<group>";
		};
		6577FE032A3044320071E537 /* SearchManager */ = {
			isa = PBXGroup;
			children = (
				6577FE042A30443C0071E537 /* SearchManager.swift */,
				6577FE062A3044600071E537 /* SearchHelperManager.swift */,
			);
			path = SearchManager;
			sourceTree = "<group>";
		};
		6586964A2A1D124A0062779F /* ProductsManager */ = {
			isa = PBXGroup;
			children = (
				6586964B2A1D12580062779F /* ProductsNetworkManager.swift */,
				6586964F2A1D12D10062779F /* ProductsHelperManager.swift */,
			);
			path = ProductsManager;
			sourceTree = "<group>";
		};
		6586964E2A1D12810062779F /* Products */ = {
			isa = PBXGroup;
			children = (
				658696532A1D13360062779F /* ProductsViewModel.swift */,
				65CCEA3C2A22898D00812A73 /* UIKitProductsViewController.swift */,
				65CCEA3E2A228CD200812A73 /* UIKitProductCollectionViewCell.swift */,
				65CCEA3F2A228CD200812A73 /* UIKitProductCollectionViewCell.xib */,
				6589C43C2A128D6F007489FB /* Product.swift */,
				65CCEA422A22924F00812A73 /* UIKitHeaderCollectionReusableView.swift */,
				6577FDF82A2F95FF0071E537 /* FiltersCollectionViewCell.swift */,
				6577FDF92A2F95FF0071E537 /* FiltersCollectionViewCell.xib */,
				65DB8E782A2B0C5A00CEF428 /* Storyboard */,
			);
			path = Products;
			sourceTree = "<group>";
		};
		658696552A1D19FE0062779F /* Register */ = {
			isa = PBXGroup;
			children = (
				658696562A1D1A1A0062779F /* LoginViewController.swift */,
				6576D62E2A2CDD020074A040 /* RegisterViewController.swift */,
			);
			path = Register;
			sourceTree = "<group>";
		};
		6589C4402A1290F1007489FB /* NetworkManager */ = {
			isa = PBXGroup;
			children = (
				6577FE032A3044320071E537 /* SearchManager */,
				6589C4412A1290FE007489FB /* NetworkManager.swift */,
				6589C4432A12914C007489FB /* HelperNetworkManager.swift */,
				65A705BF2A12943F003EDF02 /* HomeManager */,
				6586964A2A1D124A0062779F /* ProductsManager */,
				652B101E2A18C3BA005192F6 /* TagsManager */,
			);
			path = NetworkManager;
			sourceTree = "<group>";
		};
		6589C4452A1291BD007489FB /* Helper */ = {
			isa = PBXGroup;
			children = (
				6589C4462A1291DE007489FB /* UIImageView + Extension.swift */,
			);
			path = Helper;
			sourceTree = "<group>";
		};
		65A705BF2A12943F003EDF02 /* HomeManager */ = {
			isa = PBXGroup;
			children = (
				65A705C02A12944D003EDF02 /* HomeNetworkManager.swift */,
				65A705C22A12948C003EDF02 /* HomeHelperNetworkManager.swift */,
			);
			path = HomeManager;
			sourceTree = "<group>";
		};
		65C2F5172A12365B001E9809 = {
			isa = PBXGroup;
			children = (
				65C2F5222A12365C001E9809 /* Shop */,
				65C2F5212A12365C001E9809 /* Products */,
				7EB17F13F5A174D6779954B8 /* Pods */,
				67F0C606AFEFDCCC345CE17D /* Frameworks */,
			);
			sourceTree = "<group>";
		};
		65C2F5212A12365C001E9809 /* Products */ = {
			isa = PBXGroup;
			children = (
				65C2F5202A12365C001E9809 /* Shop.app */,
			);
			name = Products;
			sourceTree = "<group>";
		};
		65C2F5222A12365C001E9809 /* Shop */ = {
			isa = PBXGroup;
			children = (
				65C2F5232A12365C001E9809 /* AppDelegate.swift */,
				65C2F5252A12365C001E9809 /* SceneDelegate.swift */,
				6589C4402A1290F1007489FB /* NetworkManager */,
				6589C4452A1291BD007489FB /* Helper */,
				65D20A9D2A1286D8008FA6F3 /* Home */,
				6577FDFC2A3041360071E537 /* Search */,
				652B10132A18B909005192F6 /* Tags */,
				6586964E2A1D12810062779F /* Products */,
				658696552A1D19FE0062779F /* Register */,
				65C2F5292A12365C001E9809 /* Main.storyboard */,
				65C2F52F2A12365D001E9809 /* Assets.xcassets */,
				65C2F5312A12365D001E9809 /* LaunchScreen.storyboard */,
				65C2F5342A12365D001E9809 /* Info.plist */,
				65C2F52C2A12365C001E9809 /* Shop.xcdatamodeld */,
			);
			path = Shop;
			sourceTree = "<group>";
		};
		65D20A9D2A1286D8008FA6F3 /* Home */ = {
			isa = PBXGroup;
			children = (
				65D20A972A1286A8008FA6F3 /* HomeViewController.swift */,
				6589C43E2A128DEC007489FB /* HomeViewModel.swift */,
				65D20A992A1286D4008FA6F3 /* HomeCell.swift */,
				65D20A9A2A1286D4008FA6F3 /* HomeCell.xib */,
				652B100F2A167F5C005192F6 /* Categories.swift */,
			);
			path = Home;
			sourceTree = "<group>";
		};
		65DB8E782A2B0C5A00CEF428 /* Storyboard */ = {
			isa = PBXGroup;
			children = (
				658696582A1D1EDF0062779F /* ProductsViewController.swift */,
				6586965C2A1D20010062779F /* ProductsViewCell.swift */,
				6586965D2A1D20010062779F /* ProductsViewCell.xib */,
			);
			path = Storyboard;
			sourceTree = "<group>";
		};
		67F0C606AFEFDCCC345CE17D /* Frameworks */ = {
			isa = PBXGroup;
			children = (
				A760299AC787CACB1F160587 /* Pods_Shop.framework */,
			);
			name = Frameworks;
			sourceTree = "<group>";
		};
		7EB17F13F5A174D6779954B8 /* Pods */ = {
			isa = PBXGroup;
			children = (
				A3293B7AD9BE659E51DBA694 /* Pods-Shop.debug.xcconfig */,
				E0F12933A7FEFF6BF9BA08D9 /* Pods-Shop.release.xcconfig */,
			);
			path = Pods;
			sourceTree = "<group>";
		};
/* End PBXGroup section */

/* Begin PBXNativeTarget section */
		65C2F51F2A12365B001E9809 /* Shop */ = {
			isa = PBXNativeTarget;
			buildConfigurationList = 65C2F5372A12365D001E9809 /* Build configuration list for PBXNativeTarget "Shop" */;
			buildPhases = (
				BF04B5B74BE48857DA87781D /* [CP] Check Pods Manifest.lock */,
				65C2F51C2A12365B001E9809 /* Sources */,
				65C2F51D2A12365B001E9809 /* Frameworks */,
				65C2F51E2A12365B001E9809 /* Resources */,
				F401DC563C612C4746ED4E21 /* [CP] Embed Pods Frameworks */,
			);
			buildRules = (
			);
			dependencies = (
			);
			name = Shop;
			productName = Shop;
			productReference = 65C2F5202A12365C001E9809 /* Shop.app */;
			productType = "com.apple.product-type.application";
		};
/* End PBXNativeTarget section */

/* Begin PBXProject section */
		65C2F5182A12365B001E9809 /* Project object */ = {
			isa = PBXProject;
			attributes = {
				BuildIndependentTargetsInParallel = 1;
				LastSwiftUpdateCheck = 1420;
				LastUpgradeCheck = 1420;
				TargetAttributes = {
					65C2F51F2A12365B001E9809 = {
						CreatedOnToolsVersion = 14.2;
					};
				};
			};
			buildConfigurationList = 65C2F51B2A12365B001E9809 /* Build configuration list for PBXProject "Shop" */;
			compatibilityVersion = "Xcode 14.0";
			developmentRegion = en;
			hasScannedForEncodings = 0;
			knownRegions = (
				en,
				Base,
			);
			mainGroup = 65C2F5172A12365B001E9809;
			productRefGroup = 65C2F5212A12365C001E9809 /* Products */;
			projectDirPath = "";
			projectRoot = "";
			targets = (
				65C2F51F2A12365B001E9809 /* Shop */,
			);
		};
/* End PBXProject section */

/* Begin PBXResourcesBuildPhase section */
		65C2F51E2A12365B001E9809 /* Resources */ = {
			isa = PBXResourcesBuildPhase;
			buildActionMask = 2147483647;
			files = (
				6586965F2A1D20010062779F /* ProductsViewCell.xib in Resources */,
				65C2F5332A12365D001E9809 /* LaunchScreen.storyboard in Resources */,
				65C2F5302A12365D001E9809 /* Assets.xcassets in Resources */,
				65D20A9C2A1286D4008FA6F3 /* HomeCell.xib in Resources */,
				652B10192A18BBC6005192F6 /* leftLabelRightIconTableViewCell.xib in Resources */,
				65C2F52B2A12365C001E9809 /* Main.storyboard in Resources */,
				6577FDFB2A2F95FF0071E537 /* FiltersCollectionViewCell.xib in Resources */,
				65CCEA412A228CD200812A73 /* UIKitProductCollectionViewCell.xib in Resources */,
			);
			runOnlyForDeploymentPostprocessing = 0;
		};
/* End PBXResourcesBuildPhase section */

/* Begin PBXShellScriptBuildPhase section */
		BF04B5B74BE48857DA87781D /* [CP] Check Pods Manifest.lock */ = {
			isa = PBXShellScriptBuildPhase;
			buildActionMask = 2147483647;
			files = (
			);
			inputFileListPaths = (
			);
			inputPaths = (
				"${PODS_PODFILE_DIR_PATH}/Podfile.lock",
				"${PODS_ROOT}/Manifest.lock",
			);
			name = "[CP] Check Pods Manifest.lock";
			outputFileListPaths = (
			);
			outputPaths = (
				"$(DERIVED_FILE_DIR)/Pods-Shop-checkManifestLockResult.txt",
			);
			runOnlyForDeploymentPostprocessing = 0;
			shellPath = /bin/sh;
			shellScript = "diff \"${PODS_PODFILE_DIR_PATH}/Podfile.lock\" \"${PODS_ROOT}/Manifest.lock\" > /dev/null\nif [ $? != 0 ] ; then\n    # print error to STDERR\n    echo \"error: The sandbox is not in sync with the Podfile.lock. Run 'pod install' or update your CocoaPods installation.\" >&2\n    exit 1\nfi\n# This output is used by Xcode 'outputs' to avoid re-running this script phase.\necho \"SUCCESS\" > \"${SCRIPT_OUTPUT_FILE_0}\"\n";
			showEnvVarsInLog = 0;
		};
		F401DC563C612C4746ED4E21 /* [CP] Embed Pods Frameworks */ = {
			isa = PBXShellScriptBuildPhase;
			buildActionMask = 2147483647;
			files = (
			);
			inputFileListPaths = (
				"${PODS_ROOT}/Target Support Files/Pods-Shop/Pods-Shop-frameworks-${CONFIGURATION}-input-files.xcfilelist",
			);
			name = "[CP] Embed Pods Frameworks";
			outputFileListPaths = (
				"${PODS_ROOT}/Target Support Files/Pods-Shop/Pods-Shop-frameworks-${CONFIGURATION}-output-files.xcfilelist",
			);
			runOnlyForDeploymentPostprocessing = 0;
			shellPath = /bin/sh;
			shellScript = "\"${PODS_ROOT}/Target Support Files/Pods-Shop/Pods-Shop-frameworks.sh\"\n";
			showEnvVarsInLog = 0;
		};
/* End PBXShellScriptBuildPhase section */

/* Begin PBXSourcesBuildPhase section */
		65C2F51C2A12365B001E9809 /* Sources */ = {
			isa = PBXSourcesBuildPhase;
			buildActionMask = 2147483647;
			files = (
				6589C43D2A128D6F007489FB /* Product.swift in Sources */,
				6577FE072A3044600071E537 /* SearchHelperManager.swift in Sources */,
				65E9EECD2A334E3F00B1585B /* ProductSearchViewController.swift in Sources */,
				65D20A982A1286A8008FA6F3 /* HomeViewController.swift in Sources */,
				6589C43F2A128DEC007489FB /* HomeViewModel.swift in Sources */,
				65CCEA432A22924F00812A73 /* UIKitHeaderCollectionReusableView.swift in Sources */,
				65CCEA3D2A22898D00812A73 /* UIKitProductsViewController.swift in Sources */,
				6589C4442A12914C007489FB /* HelperNetworkManager.swift in Sources */,
				6586965E2A1D20010062779F /* ProductsViewCell.swift in Sources */,
				6577FDFE2A3041FC0071E537 /* SearchViewController.swift in Sources */,
				6586964C2A1D12580062779F /* ProductsNetworkManager.swift in Sources */,
				6577FDFA2A2F95FF0071E537 /* FiltersCollectionViewCell.swift in Sources */,
				6589C4472A1291DE007489FB /* UIImageView + Extension.swift in Sources */,
				65C2F5242A12365C001E9809 /* AppDelegate.swift in Sources */,
				652B10222A18C4BD005192F6 /* TagsHelperNetworkManager.swift in Sources */,
				658696502A1D12D10062779F /* ProductsHelperManager.swift in Sources */,
				6589C4422A1290FE007489FB /* NetworkManager.swift in Sources */,
				65A705C32A12948C003EDF02 /* HomeHelperNetworkManager.swift in Sources */,
				658696542A1D13360062779F /* ProductsViewModel.swift in Sources */,
				6577FE0A2A3093480071E537 /* SearchModel.swift in Sources */,
				652B10182A18BBC6005192F6 /* leftLabelRightIconTableViewCell.swift in Sources */,
				6577FE052A30443C0071E537 /* SearchManager.swift in Sources */,
				6577FE002A3043070071E537 /* SearchViewModel.swift in Sources */,
				658696572A1D1A1A0062779F /* LoginViewController.swift in Sources */,
				65CCEA402A228CD200812A73 /* UIKitProductCollectionViewCell.swift in Sources */,
				65CF022A2A2B1A36007D1E12 /* TagsViewController.swift in Sources */,
				652B101D2A18C2C8005192F6 /* Tags.swift in Sources */,
				65C2F5262A12365C001E9809 /* SceneDelegate.swift in Sources */,
				65A705C12A12944D003EDF02 /* HomeNetworkManager.swift in Sources */,
				6586965A2A1D1EDF0062779F /* ProductsViewController.swift in Sources */,
				652B10202A18C4B2005192F6 /* TagsNetworkManager.swift in Sources */,
				65D20A9B2A1286D4008FA6F3 /* HomeCell.swift in Sources */,
				65C2F52E2A12365C001E9809 /* Shop.xcdatamodeld in Sources */,
				652B101B2A18BF11005192F6 /* TagsViewModel.swift in Sources */,
				652B10102A167F5C005192F6 /* Categories.swift in Sources */,
				6576D62F2A2CDD020074A040 /* RegisterViewController.swift in Sources */,
			);
			runOnlyForDeploymentPostprocessing = 0;
		};
/* End PBXSourcesBuildPhase section */

/* Begin PBXVariantGroup section */
		65C2F5292A12365C001E9809 /* Main.storyboard */ = {
			isa = PBXVariantGroup;
			children = (
				65C2F52A2A12365C001E9809 /* Base */,
			);
			name = Main.storyboard;
			sourceTree = "<group>";
		};
		65C2F5312A12365D001E9809 /* LaunchScreen.storyboard */ = {
			isa = PBXVariantGroup;
			children = (
				65C2F5322A12365D001E9809 /* Base */,
			);
			name = LaunchScreen.storyboard;
			sourceTree = "<group>";
		};
/* End PBXVariantGroup section */

/* Begin XCBuildConfiguration section */
		65C2F5352A12365D001E9809 /* Debug */ = {
			isa = XCBuildConfiguration;
			buildSettings = {
				ALWAYS_SEARCH_USER_PATHS = NO;
				CLANG_ANALYZER_NONNULL = YES;
				CLANG_ANALYZER_NUMBER_OBJECT_CONVERSION = YES_AGGRESSIVE;
				CLANG_CXX_LANGUAGE_STANDARD = "gnu++20";
				CLANG_ENABLE_MODULES = YES;
				CLANG_ENABLE_OBJC_ARC = YES;
				CLANG_ENABLE_OBJC_WEAK = YES;
				CLANG_WARN_BLOCK_CAPTURE_AUTORELEASING = YES;
				CLANG_WARN_BOOL_CONVERSION = YES;
				CLANG_WARN_COMMA = YES;
				CLANG_WARN_CONSTANT_CONVERSION = YES;
				CLANG_WARN_DEPRECATED_OBJC_IMPLEMENTATIONS = YES;
				CLANG_WARN_DIRECT_OBJC_ISA_USAGE = YES_ERROR;
				CLANG_WARN_DOCUMENTATION_COMMENTS = YES;
				CLANG_WARN_EMPTY_BODY = YES;
				CLANG_WARN_ENUM_CONVERSION = YES;
				CLANG_WARN_INFINITE_RECURSION = YES;
				CLANG_WARN_INT_CONVERSION = YES;
				CLANG_WARN_NON_LITERAL_NULL_CONVERSION = YES;
				CLANG_WARN_OBJC_IMPLICIT_RETAIN_SELF = YES;
				CLANG_WARN_OBJC_LITERAL_CONVERSION = YES;
				CLANG_WARN_OBJC_ROOT_CLASS = YES_ERROR;
				CLANG_WARN_QUOTED_INCLUDE_IN_FRAMEWORK_HEADER = YES;
				CLANG_WARN_RANGE_LOOP_ANALYSIS = YES;
				CLANG_WARN_STRICT_PROTOTYPES = YES;
				CLANG_WARN_SUSPICIOUS_MOVE = YES;
				CLANG_WARN_UNGUARDED_AVAILABILITY = YES_AGGRESSIVE;
				CLANG_WARN_UNREACHABLE_CODE = YES;
				CLANG_WARN__DUPLICATE_METHOD_MATCH = YES;
				COPY_PHASE_STRIP = NO;
				DEBUG_INFORMATION_FORMAT = dwarf;
				ENABLE_STRICT_OBJC_MSGSEND = YES;
				ENABLE_TESTABILITY = YES;
				GCC_C_LANGUAGE_STANDARD = gnu11;
				GCC_DYNAMIC_NO_PIC = NO;
				GCC_NO_COMMON_BLOCKS = YES;
				GCC_OPTIMIZATION_LEVEL = 0;
				GCC_PREPROCESSOR_DEFINITIONS = (
					"DEBUG=1",
					"$(inherited)",
				);
				GCC_WARN_64_TO_32_BIT_CONVERSION = YES;
				GCC_WARN_ABOUT_RETURN_TYPE = YES_ERROR;
				GCC_WARN_UNDECLARED_SELECTOR = YES;
				GCC_WARN_UNINITIALIZED_AUTOS = YES_AGGRESSIVE;
				GCC_WARN_UNUSED_FUNCTION = YES;
				GCC_WARN_UNUSED_VARIABLE = YES;
				IPHONEOS_DEPLOYMENT_TARGET = 16.2;
				MTL_ENABLE_DEBUG_INFO = INCLUDE_SOURCE;
				MTL_FAST_MATH = YES;
				ONLY_ACTIVE_ARCH = YES;
				SDKROOT = iphoneos;
				SWIFT_ACTIVE_COMPILATION_CONDITIONS = DEBUG;
				SWIFT_OPTIMIZATION_LEVEL = "-Onone";
			};
			name = Debug;
		};
		65C2F5362A12365D001E9809 /* Release */ = {
			isa = XCBuildConfiguration;
			buildSettings = {
				ALWAYS_SEARCH_USER_PATHS = NO;
				CLANG_ANALYZER_NONNULL = YES;
				CLANG_ANALYZER_NUMBER_OBJECT_CONVERSION = YES_AGGRESSIVE;
				CLANG_CXX_LANGUAGE_STANDARD = "gnu++20";
				CLANG_ENABLE_MODULES = YES;
				CLANG_ENABLE_OBJC_ARC = YES;
				CLANG_ENABLE_OBJC_WEAK = YES;
				CLANG_WARN_BLOCK_CAPTURE_AUTORELEASING = YES;
				CLANG_WARN_BOOL_CONVERSION = YES;
				CLANG_WARN_COMMA = YES;
				CLANG_WARN_CONSTANT_CONVERSION = YES;
				CLANG_WARN_DEPRECATED_OBJC_IMPLEMENTATIONS = YES;
				CLANG_WARN_DIRECT_OBJC_ISA_USAGE = YES_ERROR;
				CLANG_WARN_DOCUMENTATION_COMMENTS = YES;
				CLANG_WARN_EMPTY_BODY = YES;
				CLANG_WARN_ENUM_CONVERSION = YES;
				CLANG_WARN_INFINITE_RECURSION = YES;
				CLANG_WARN_INT_CONVERSION = YES;
				CLANG_WARN_NON_LITERAL_NULL_CONVERSION = YES;
				CLANG_WARN_OBJC_IMPLICIT_RETAIN_SELF = YES;
				CLANG_WARN_OBJC_LITERAL_CONVERSION = YES;
				CLANG_WARN_OBJC_ROOT_CLASS = YES_ERROR;
				CLANG_WARN_QUOTED_INCLUDE_IN_FRAMEWORK_HEADER = YES;
				CLANG_WARN_RANGE_LOOP_ANALYSIS = YES;
				CLANG_WARN_STRICT_PROTOTYPES = YES;
				CLANG_WARN_SUSPICIOUS_MOVE = YES;
				CLANG_WARN_UNGUARDED_AVAILABILITY = YES_AGGRESSIVE;
				CLANG_WARN_UNREACHABLE_CODE = YES;
				CLANG_WARN__DUPLICATE_METHOD_MATCH = YES;
				COPY_PHASE_STRIP = NO;
				DEBUG_INFORMATION_FORMAT = "dwarf-with-dsym";
				ENABLE_NS_ASSERTIONS = NO;
				ENABLE_STRICT_OBJC_MSGSEND = YES;
				GCC_C_LANGUAGE_STANDARD = gnu11;
				GCC_NO_COMMON_BLOCKS = YES;
				GCC_WARN_64_TO_32_BIT_CONVERSION = YES;
				GCC_WARN_ABOUT_RETURN_TYPE = YES_ERROR;
				GCC_WARN_UNDECLARED_SELECTOR = YES;
				GCC_WARN_UNINITIALIZED_AUTOS = YES_AGGRESSIVE;
				GCC_WARN_UNUSED_FUNCTION = YES;
				GCC_WARN_UNUSED_VARIABLE = YES;
				IPHONEOS_DEPLOYMENT_TARGET = 16.2;
				MTL_ENABLE_DEBUG_INFO = NO;
				MTL_FAST_MATH = YES;
				SDKROOT = iphoneos;
				SWIFT_COMPILATION_MODE = wholemodule;
				SWIFT_OPTIMIZATION_LEVEL = "-O";
				VALIDATE_PRODUCT = YES;
			};
			name = Release;
		};
		65C2F5382A12365D001E9809 /* Debug */ = {
			isa = XCBuildConfiguration;
			baseConfigurationReference = A3293B7AD9BE659E51DBA694 /* Pods-Shop.debug.xcconfig */;
			buildSettings = {
				ASSETCATALOG_COMPILER_APPICON_NAME = AppIcon;
				ASSETCATALOG_COMPILER_GLOBAL_ACCENT_COLOR_NAME = AccentColor;
				CODE_SIGN_STYLE = Automatic;
				CURRENT_PROJECT_VERSION = 1;
				GENERATE_INFOPLIST_FILE = YES;
				INFOPLIST_FILE = Shop/Info.plist;
				INFOPLIST_KEY_UIApplicationSupportsIndirectInputEvents = YES;
				INFOPLIST_KEY_UILaunchStoryboardName = LaunchScreen;
				INFOPLIST_KEY_UIMainStoryboardFile = Main;
				INFOPLIST_KEY_UISupportedInterfaceOrientations_iPad = "UIInterfaceOrientationPortrait UIInterfaceOrientationPortraitUpsideDown UIInterfaceOrientationLandscapeLeft UIInterfaceOrientationLandscapeRight";
				INFOPLIST_KEY_UISupportedInterfaceOrientations_iPhone = "UIInterfaceOrientationPortrait UIInterfaceOrientationLandscapeLeft UIInterfaceOrientationLandscapeRight";
				LD_RUNPATH_SEARCH_PATHS = (
					"$(inherited)",
					"@executable_path/Frameworks",
				);
				MARKETING_VERSION = 1.0;
				PRODUCT_BUNDLE_IDENTIFIER = mnyx7.Shop;
				PRODUCT_NAME = "$(TARGET_NAME)";
				SWIFT_EMIT_LOC_STRINGS = YES;
				SWIFT_VERSION = 5.0;
				TARGETED_DEVICE_FAMILY = "1,2";
			};
			name = Debug;
		};
		65C2F5392A12365D001E9809 /* Release */ = {
			isa = XCBuildConfiguration;
			baseConfigurationReference = E0F12933A7FEFF6BF9BA08D9 /* Pods-Shop.release.xcconfig */;
			buildSettings = {
				ASSETCATALOG_COMPILER_APPICON_NAME = AppIcon;
				ASSETCATALOG_COMPILER_GLOBAL_ACCENT_COLOR_NAME = AccentColor;
				CODE_SIGN_STYLE = Automatic;
				CURRENT_PROJECT_VERSION = 1;
				GENERATE_INFOPLIST_FILE = YES;
				INFOPLIST_FILE = Shop/Info.plist;
				INFOPLIST_KEY_UIApplicationSupportsIndirectInputEvents = YES;
				INFOPLIST_KEY_UILaunchStoryboardName = LaunchScreen;
				INFOPLIST_KEY_UIMainStoryboardFile = Main;
				INFOPLIST_KEY_UISupportedInterfaceOrientations_iPad = "UIInterfaceOrientationPortrait UIInterfaceOrientationPortraitUpsideDown UIInterfaceOrientationLandscapeLeft UIInterfaceOrientationLandscapeRight";
				INFOPLIST_KEY_UISupportedInterfaceOrientations_iPhone = "UIInterfaceOrientationPortrait UIInterfaceOrientationLandscapeLeft UIInterfaceOrientationLandscapeRight";
				LD_RUNPATH_SEARCH_PATHS = (
					"$(inherited)",
					"@executable_path/Frameworks",
				);
				MARKETING_VERSION = 1.0;
				PRODUCT_BUNDLE_IDENTIFIER = mnyx7.Shop;
				PRODUCT_NAME = "$(TARGET_NAME)";
				SWIFT_EMIT_LOC_STRINGS = YES;
				SWIFT_VERSION = 5.0;
				TARGETED_DEVICE_FAMILY = "1,2";
			};
			name = Release;
		};
/* End XCBuildConfiguration section */

/* Begin XCConfigurationList section */
		65C2F51B2A12365B001E9809 /* Build configuration list for PBXProject "Shop" */ = {
			isa = XCConfigurationList;
			buildConfigurations = (
				65C2F5352A12365D001E9809 /* Debug */,
				65C2F5362A12365D001E9809 /* Release */,
			);
			defaultConfigurationIsVisible = 0;
			defaultConfigurationName = Release;
		};
		65C2F5372A12365D001E9809 /* Build configuration list for PBXNativeTarget "Shop" */ = {
			isa = XCConfigurationList;
			buildConfigurations = (
				65C2F5382A12365D001E9809 /* Debug */,
				65C2F5392A12365D001E9809 /* Release */,
			);
			defaultConfigurationIsVisible = 0;
			defaultConfigurationName = Release;
		};
/* End XCConfigurationList section */

/* Begin XCVersionGroup section */
		65C2F52C2A12365C001E9809 /* Shop.xcdatamodeld */ = {
			isa = XCVersionGroup;
			children = (
				65C2F52D2A12365C001E9809 /* Shop.xcdatamodel */,
			);
			currentVersion = 65C2F52D2A12365C001E9809 /* Shop.xcdatamodel */;
			path = Shop.xcdatamodeld;
			sourceTree = "<group>";
			versionGroupType = wrapper.xcdatamodel;
		};
/* End XCVersionGroup section */
	};
	rootObject = 65C2F5182A12365B001E9809 /* Project object */;
}
